
Microsoft Visual Studio Solution File, Format Version 12.00
# Visual Studio Version 17
VisualStudioVersion = 17.1.32421.90
MinimumVisualStudioVersion = 10.0.40219.1
Project("{9A19103F-16F7-4668-BE54-9A1E7A4F7556}") = "SignHere", "src\SignHere.csproj", "{4C78A203-64CA-4947-8188-05118ACD609F}"
EndProject
Project("{9A19103F-16F7-4668-BE54-9A1E7A4F7556}") = "SignHere.Test", "tests\SignHere.Test\SignHere.Test.csproj", "{46B6FACA-D19B-4A4C-86C5-7FA4F8EA39EE}"
EndProject
Global
	GlobalSection(SolutionConfigurationPlatforms) = preSolution
		Debug|Any CPU = Debug|Any CPU
		Release|Any CPU = Release|Any CPU
	EndGlobalSection
	GlobalSection(ProjectConfigurationPlatforms) = postSolution
		{4C78A203-64CA-4947-8188-05118ACD609F}.Debug|Any CPU.ActiveCfg = Debug|Any CPU
		{4C78A203-64CA-4947-8188-05118ACD609F}.Debug|Any CPU.Build.0 = Debug|Any CPU
		{4C78A203-64CA-4947-8188-05118ACD609F}.Release|Any CPU.ActiveCfg = Release|Any CPU
		{4C78A203-64CA-4947-8188-05118ACD609F}.Release|Any CPU.Build.0 = Release|Any CPU
		{46B6FACA-D19B-4A4C-86C5-7FA4F8EA39EE}.Debug|Any CPU.ActiveCfg = Debug|Any CPU
		{46B6FACA-D19B-4A4C-86C5-7FA4F8EA39EE}.Debug|Any CPU.Build.0 = Debug|Any CPU
		{46B6FACA-D19B-4A4C-86C5-7FA4F8EA39EE}.Release|Any CPU.ActiveCfg = Release|Any CPU
		{46B6FACA-D19B-4A4C-86C5-7FA4F8EA39EE}.Release|Any CPU.Build.0 = Release|Any CPU
	EndGlobalSection
	GlobalSection(SolutionProperties) = preSolution
		HideSolutionNode = FALSE
	EndGlobalSection
	GlobalSection(ExtensibilityGlobals) = postSolution
		SolutionGuid = {5AC56BBD-E35E-4AA7-B7B1-1A87B9B619D7}
	EndGlobalSection
EndGlobal
